lockfileVersion: 5.4

specifiers:
  '@types/node': ^18.11.17
  esbuild: ^0.16.9
  esbuild-plugin-lodash: ^1.2.0
  gsap: ^3.11.3
  lodash: ^4.17.21
  pixi.js: ^7.0.5

dependencies:
  '@types/node': 18.11.17
  esbuild: 0.16.9
  esbuild-plugin-lodash: 1.2.0
  gsap: 3.11.3
  lodash: 4.17.21
  pixi.js: 7.0.5

packages:

  /@esbuild/android-arm/0.16.9:
    resolution: {integrity: sha512-kW5ccqWHVOOTGUkkJbtfoImtqu3kA1PFkivM+9QPFSHphPfPBlBalX9eDRqPK+wHCqKhU48/78T791qPgC9e9A==}
    engines: {node: '>=12'}
    cpu: [arm]
    os: [android]
    requiresBuild: true
    dev: false
    optional: true

  /@esbuild/android-arm64/0.16.9:
    resolution: {integrity: sha512-ndIAZJUeLx4O+4AJbFQCurQW4VRUXjDsUvt1L+nP8bVELOWdmdCEOtlIweCUE6P+hU0uxYbEK2AEP0n5IVQvhg==}
    engines: {node: '>=12'}
    cpu: [arm64]
    os: [android]
    requiresBuild: true
    dev: false
    optional: true

  /@esbuild/android-x64/0.16.9:
    resolution: {integrity: sha512-UbMcJB4EHrAVOnknQklREPgclNU2CPet2h+sCBCXmF2mfoYWopBn/CfTfeyOkb/JglOcdEADqAljFndMKnFtOw==}
    engines: {node: '>=12'}
    cpu: [x64]
    os: [android]
    requiresBuild: true
    dev: false
    optional: true

  /@esbuild/darwin-arm64/0.16.9:
    resolution: {integrity: sha512-d7D7/nrt4CxPul98lx4PXhyNZwTYtbdaHhOSdXlZuu5zZIznjqtMqLac8Bv+IuT6SVHiHUwrkL6ywD7mOgLW+A==}
    engines: {node: '>=12'}
    cpu: [arm64]
    os: [darwin]
    requiresBuild: true
    dev: false
    optional: true

  /@esbuild/darwin-x64/0.16.9:
    resolution: {integrity: sha512-LZc+Wlz06AkJYtwWsBM3x2rSqTG8lntDuftsUNQ3fCx9ZttYtvlDcVtgb+NQ6t9s6K5No5zutN3pcjZEC2a4iQ==}
    engines: {node: '>=12'}
    cpu: [x64]
    os: [darwin]
    requiresBuild: true
    dev: false
    optional: true

  /@esbuild/freebsd-arm64/0.16.9:
    resolution: {integrity: sha512-gIj0UQZlQo93CHYouHKkpzP7AuruSaMIm1etcWIxccFEVqCN1xDr6BWlN9bM+ol/f0W9w3hx3HDuEwcJVtGneQ==}
    engines: {node: '>=12'}
    cpu: [arm64]
    os: [freebsd]
    requiresBuild: true
    dev: false
    optional: true

  /@esbuild/freebsd-x64/0.16.9:
    resolution: {integrity: sha512-GNors4vaMJ7lzGOuhzNc7jvgsQZqErGA8rsW+nck8N1nYu86CvsJW2seigVrQQWOV4QzEP8Zf3gm+QCjA2hnBQ==}
    engines: {node: '>=12'}
    cpu: [x64]
    os: [freebsd]
    requiresBuild: true
    dev: false
    optional: true

  /@esbuild/linux-arm/0.16.9:
    resolution: {integrity: sha512-cNx1EF99c2t1Ztn0lk9N+MuwBijGF8mH6nx9GFsB3e0lpUpPkCE/yt5d+7NP9EwJf5uzqdjutgVYoH1SNqzudA==}
    engines: {node: '>=12'}
    cpu: [arm]
    os: [linux]
    requiresBuild: true
    dev: false
    optional: true

  /@esbuild/linux-arm64/0.16.9:
    resolution: {integrity: sha512-YPxQunReYp8RQ1FvexFrOEqqf+nLbS3bKVZF5FRT2uKM7Wio7BeATqAwO02AyrdSEntt3I5fhFsujUChIa8CZg==}
    engines: {node: '>=12'}
    cpu: [arm64]
    os: [linux]
    requiresBuild: true
    dev: false
    optional: true

  /@esbuild/linux-ia32/0.16.9:
    resolution: {integrity: sha512-zb12ixDIKNwFpIqR00J88FFitVwOEwO78EiUi8wi8FXlmSc3GtUuKV/BSO+730Kglt0B47+ZrJN1BhhOxZaVrw==}
    engines: {node: '>=12'}
    cpu: [ia32]
    os: [linux]
    requiresBuild: true
    dev: false
    optional: true

  /@esbuild/linux-loong64/0.16.9:
    resolution: {integrity: sha512-X8te4NLxtHiNT6H+4Pfm5RklzItA1Qy4nfyttihGGX+Koc53Ar20ViC+myY70QJ8PDEOehinXZj/F7QK3A+MKQ==}
    engines: {node: '>=12'}
    cpu: [loong64]
    os: [linux]
    requiresBuild: true
    dev: false
    optional: true

  /@esbuild/linux-mips64el/0.16.9:
    resolution: {integrity: sha512-ZqyMDLt02c5smoS3enlF54ndK5zK4IpClLTxF0hHfzHJlfm4y8IAkIF8LUW0W7zxcKy7oAwI7BRDqeVvC120SA==}
    engines: {node: '>=12'}
    cpu: [mips64el]
    os: [linux]
    requiresBuild: true
    dev: false
    optional: true

  /@esbuild/linux-ppc64/0.16.9:
    resolution: {integrity: sha512-k+ca5W5LDBEF3lfDwMV6YNXwm4wEpw9krMnNvvlNz3MrKSD2Eb2c861O0MaKrZkG/buTQAP4vkavbLwgIe6xjg==}
    engines: {node: '>=12'}
    cpu: [ppc64]
    os: [linux]
    requiresBuild: true
    dev: false
    optional: true

  /@esbuild/linux-riscv64/0.16.9:
    resolution: {integrity: sha512-GuInVdogjmg9DhgkEmNipHkC+3tzkanPJzgzTC2ihsvrruLyFoR1YrTGixblNSMPudQLpiqkcwGwwe0oqfrvfA==}
    engines: {node: '>=12'}
    cpu: [riscv64]
    os: [linux]
    requiresBuild: true
    dev: false
    optional: true

  /@esbuild/linux-s390x/0.16.9:
    resolution: {integrity: sha512-49wQ0aYkvwXonGsxc7LuuLNICMX8XtO92Iqmug5Qau0kpnV6SP34jk+jIeu4suHwAbSbRhVFtDv75yRmyfQcHw==}
    engines: {node: '>=12'}
    cpu: [s390x]
    os: [linux]
    requiresBuild: true
    dev: false
    optional: true

  /@esbuild/linux-x64/0.16.9:
    resolution: {integrity: sha512-Nx4oKEAJ6EcQlt4dK7qJyuZUoXZG7CAeY22R7rqZijFzwFfMOD+gLP56uV7RrV86jGf8PeRY8TBsRmOcZoG42w==}
    engines: {node: '>=12'}
    cpu: [x64]
    os: [linux]
    requiresBuild: true
    dev: false
    optional: true

  /@esbuild/netbsd-x64/0.16.9:
    resolution: {integrity: sha512-d0WnpgJ+FTiMZXEQ1NOv9+0gvEhttbgKEvVqWWAtl1u9AvlspKXbodKHzQ5MLP6YV1y52Xp+p8FMYqj8ykTahg==}
    engines: {node: '>=12'}
    cpu: [x64]
    os: [netbsd]
    requiresBuild: true
    dev: false
    optional: true

  /@esbuild/openbsd-x64/0.16.9:
    resolution: {integrity: sha512-jccK11278dvEscHFfMk5EIPjF4wv1qGD0vps7mBV1a6TspdR36O28fgPem/SA/0pcsCPHjww5ouCLwP+JNAFlw==}
    engines: {node: '>=12'}
    cpu: [x64]
    os: [openbsd]
    requiresBuild: true
    dev: false
    optional: true

  /@esbuild/sunos-x64/0.16.9:
    resolution: {integrity: sha512-OetwTSsv6mIDLqN7I7I2oX9MmHGwG+AP+wKIHvq+6sIHwcPPJqRx+DJB55jy9JG13CWcdcQno/7V5MTJ5a0xfQ==}
    engines: {node: '>=12'}
    cpu: [x64]
    os: [sunos]
    requiresBuild: true
    dev: false
    optional: true

  /@esbuild/win32-arm64/0.16.9:
    resolution: {integrity: sha512-tKSSSK6unhxbGbHg+Cc+JhRzemkcsX0tPBvG0m5qsWbkShDK9c+/LSb13L18LWVdOQZwuA55Vbakxmt6OjBDOQ==}
    engines: {node: '>=12'}
    cpu: [arm64]
    os: [win32]
    requiresBuild: true
    dev: false
    optional: true

  /@esbuild/win32-ia32/0.16.9:
    resolution: {integrity: sha512-ZTQ5vhNS5gli0KK8I6/s6+LwXmNEfq1ftjnSVyyNm33dBw8zDpstqhGXYUbZSWWLvkqiRRjgxgmoncmi6Yy7Ng==}
    engines: {node: '>=12'}
    cpu: [ia32]
    os: [win32]
    requiresBuild: true
    dev: false
    optional: true

  /@esbuild/win32-x64/0.16.9:
    resolution: {integrity: sha512-C4ZX+YFIp6+lPrru3tpH6Gaapy8IBRHw/e7l63fzGDhn/EaiGpQgbIlT5paByyy+oMvRFQoxxyvC4LE0AjJMqQ==}
    engines: {node: '>=12'}
    cpu: [x64]
    os: [win32]
    requiresBuild: true
    dev: false
    optional: true

  /@pixi/accessibility/7.0.5:
    resolution: {integrity: sha512-+Wiwu7Vj19wa0CrtXlzmswtwNUGsjDCjtmI3HbKHQ3MphjHUKmgx3ga7NL1O53Mwr9XGhkHCOrZzW04fGCtXoA==}
    dev: false

  /@pixi/app/7.0.5:
    resolution: {integrity: sha512-fLOJKywqwb4l9mJOE1tgfAhGxqhwb9/UlntivyXQXI6hTYDUivpzIWrWoV+mE09yAvwaw8PR1gnhPuagjrjDuQ==}
    dev: false

  /@pixi/assets/7.0.5:
    resolution: {integrity: sha512-GGFrFIAQRzSmmC9ZALSIwaGZNi10Rt0MbuedK+oGPKtSuvQJ37bNGL4sU7PXsTulBdBMUQgbIzmq6FBPnpV9kA==}
    dependencies:
      '@types/css-font-loading-module': 0.0.7
    dev: false

  /@pixi/compressed-textures/7.0.5:
    resolution: {integrity: sha512-OWEtcaPurtpYJLLzDZHq6wDI67ajPb4xl/t+O29Q3PrFSEmZXFfw5lMsDgh9MY4d62jpZwx2dH4QEBK1qjOBvQ==}
    dev: false

  /@pixi/constants/7.0.5:
    resolution: {integrity: sha512-4u5UqLo+8uuUon2EBIjSxUo80r7eUr1gWpFAg2B9ziRJePl5Q75azYX+77uVp5cFnloYIcSuNyjtJFdQ/umDgg==}
    dev: false

  /@pixi/core/7.0.5:
    resolution: {integrity: sha512-+7SgV45t7lw7r8XhtYMv+p0ehc7UPHv9qlMem7Cb/2cZqwxa9Z7TUzQlI9ENb/OsEqURSQ0PJ5ANgEOqQiciiA==}
    dependencies:
      '@pixi/constants': 7.0.5
      '@pixi/extensions': 7.0.5
      '@pixi/math': 7.0.5
      '@pixi/runner': 7.0.5
      '@pixi/settings': 7.0.5
      '@pixi/ticker': 7.0.5
      '@pixi/utils': 7.0.5
      '@types/offscreencanvas': 2019.7.0
    dev: false

  /@pixi/display/7.0.5:
    resolution: {integrity: sha512-9sXXn7HMFJo5cb4KU3Bdzzhhler9KBuPotHG57gew1MbsMCP32+lvPzqMB1bj6OU0QLjknJxvON77j13CNBh+w==}
    dev: false

  /@pixi/events/7.0.5:
    resolution: {integrity: sha512-WKXSOvyfIl2RF5vFG3sT50gvBhH9SqiO4ymdX3GdRi2R+jB5Xo/vJBaBdZCC9sPqC5avhqj6oorQpcL3YoyJkg==}
    dev: false

  /@pixi/extensions/7.0.5:
    resolution: {integrity: sha512-zCfhMPPZC5dhH0V/GDK1rUEVAT7Ju9K5bIfbd78hbqUZeK7eq8xA8TFEtPE2rdQJesvdDx+qLDv8QhywyR3Y8Q==}
    dev: false

  /@pixi/extract/7.0.5:
    resolution: {integrity: sha512-HMWTTpl/0IGGCWckpAQnXK+kcoLth2WApL3o9l21MeESbKWwbXk4HdiSM42naY651KWGkkdfP+EjLjXmGmlw5A==}
    dev: false

  /@pixi/filter-alpha/7.0.5:
    resolution: {integrity: sha512-c2ixjkApAXts0oPI//YP3i2OboxvGekGZHhKmDPuHflI2UoRM1Uy8LXMSNe7xOkSXEa/AkC28d9JQBb+6GZ5Fg==}
    dev: false

  /@pixi/filter-blur/7.0.5:
    resolution: {integrity: sha512-YxncNFYZ/cVRmKVCn1giBiaFaBsYOW+nunx05RV4LJmX9tAxlRFPJLK8Rc1Cqnq5Rk3ZBW4PtXl2gtUIf12haA==}
    dev: false

  /@pixi/filter-color-matrix/7.0.5:
    resolution: {integrity: sha512-sQX0PSsS6o3MgU/Oxr+S9zPMBk+Dxr9H5zgUVSkVcdZh++WQ1LYCPEBwKQFaSDkQ2M8Dxl/lzJgtA5bqpk6MCw==}
    dev: false

  /@pixi/filter-displacement/7.0.5:
    resolution: {integrity: sha512-5+34agfCpk+wT+uhrp0JK8/9EW/9llGaYl5IdJ1CsqOHdIQjFbhhqmzEs7U6pYeFbHjQ0ABclMsVZ4qc/rMoRw==}
    dev: false

  /@pixi/filter-fxaa/7.0.5:
    resolution: {integrity: sha512-o84VCjAvPxGoP+4KehiVQn7v2sJGBvOX+Qxa48v+e/HdRQeuJ31At8XswW5oBAY/7tdM+fJWtNyVJTf2m6HsCQ==}
    dev: false

  /@pixi/filter-noise/7.0.5:
    resolution: {integrity: sha512-OSwd4jCihDlYCPGCv9pogVeehIYS1WbTxsFeWhMIZBc2sffEJeW3QzKKYzMO9c7sy6IljLEqZV7T3sYrmzA1WA==}
    dev: false

  /@pixi/graphics/7.0.5:
    resolution: {integrity: sha512-I5Y6IpntiEoJB0HOZ7nSw8r3ZHMyyeE8RMCc3Aud6j5B6CtBkpqCHyxOFNmDod2Ymznj/hWBhLl4ee8SJjRdWg==}
    dev: false

  /@pixi/math/7.0.5:
    resolution: {integrity: sha512-v8OCcAL8oK8pf2jtsfHJebTdQ3IA5NI/mdv+Err3F3u4hJHSkDeag9woIBZNfim5ATV/1qriv4b1TT9J+uiL3A==}
    dev: false

  /@pixi/mesh-extras/7.0.5:
    resolution: {integrity: sha512-+GW5XmavenmSPwZCJDxnXXrflshv0bQGa1gdD2s/T5RxVEP+GYBqPeW2L9fYPowr7070fzzuSVxmcU1yXpv3lw==}
    dev: false

  /@pixi/mesh/7.0.5:
    resolution: {integrity: sha512-PinHnPbxqou4G4WvwGmmwQAilGHTQd3vC6RlHIOBsxCK/9lw1cQ1Js9VAr0/3cy2Wf5or/AtKTwl0okzBf+4og==}
    dev: false

  /@pixi/mixin-cache-as-bitmap/7.0.5:
    resolution: {integrity: sha512-XlSga7zNDWEzKkOJcifAlXg+FU97pnY9RWm6Gd9zFGY9AQCKWgE++if2/wXMk57pvcTPu3E+li6D3nRYihbVfg==}
    dev: false

  /@pixi/mixin-get-child-by-name/7.0.5:
    resolution: {integrity: sha512-1uVSwlGHGubcaxbzdzWipHvz7DygHWgvxSTpQzSEs8+61EmcuwZHaDj/ceXC7Sir8iP4hp12ScWjii0grMHMfw==}
    dev: false

  /@pixi/mixin-get-global-position/7.0.5:
    resolution: {integrity: sha512-Bnq7tZiViireQeLf+8hcuGNK8DuDZTt5AiEISIptqzy0wMOwoLXeBx7+qLwP8RPvImrGhifDotHxDRNB66psDw==}
    dev: false

  /@pixi/particle-container/7.0.5:
    resolution: {integrity: sha512-1BIRunfi2kUe6fvrFWcYGlbEnqOCeK5hUza2aYyNZz/dSB8T6Zfs0SsBjIy5AfyZpyH8U6KJ4tP5qHp93xDlEw==}
    dev: false

  /@pixi/prepare/7.0.5:
    resolution: {integrity: sha512-SdBj5RgXzzJZoIHFopdf5qUbEcNuJSSOOxU0K0WEcaZJH0MPSO5jaUbSKeF/p5C1WfRl2iRc/DzSfBaFBmA9vw==}
    dev: false

  /@pixi/runner/7.0.5:
    resolution: {integrity: sha512-7Ym6FXwAv+5pM4oPCk4HNiSG7C69W69zZAuoRaz1hvFpu5fi6J4alhDBI1g3u5S+wyQb6ITuwUpNpDLduBuI5w==}
    dev: false

  /@pixi/settings/7.0.5:
    resolution: {integrity: sha512-79cP7z4v47gCKecEU24dXL83hYZoXcv7xBG+sF0RQhsRyHoU2niCXukorgsKeMn0Gq/kA+UtWdV0tSCns9xjQQ==}
    dependencies:
      '@pixi/constants': 7.0.5
      '@types/css-font-loading-module': 0.0.7
    dev: false

  /@pixi/sprite-animated/7.0.5:
    resolution: {integrity: sha512-pV+3w3PXnrhvgAAle21ZsR+6o5A9Di1A/TrnrVqCCM2442rexjhwOUr+pHiXiogq1GjJaVFh2ULPzbuM2Ja9/Q==}
    dev: false

  /@pixi/sprite-tiling/7.0.5:
    resolution: {integrity: sha512-xpZhk8X5OfX40EYdyCUnX8kmwT7OLx0qXFanN6zvEngHC7Rjgc49Avi9urdCRpmr8USARTFjyxPXtAg5AnsUmQ==}
    dev: false

  /@pixi/sprite/7.0.5:
    resolution: {integrity: sha512-cWcxz/aB76ZiasQyMa2nugHZn8PmMEk0kmYpdjLCzH+jPf1dpx7YuGuxqR73SbaNuv3sU7Z9BIGZZ7RWr4mpWQ==}
    dev: false

  /@pixi/spritesheet/7.0.5:
    resolution: {integrity: sha512-Wbvr73mKAB0X6fxPsQs3HduAtk5tTkBAvtAs5+NsSfkPLWjMU8HGpcEx/mr7rrGraw9DxGzZ4bwdeZuGjAWFyA==}
    dev: false

  /@pixi/text-bitmap/7.0.5:
    resolution: {integrity: sha512-Ee4apuf8riXQw5j97IyzElS5Vu9Dnk0TvXZQsqzZeZHbmwL5KVjrF4dnRQIL8FGFl1nrq/OpL0HWI83IxqwC6Q==}
    dev: false

  /@pixi/text/7.0.5:
    resolution: {integrity: sha512-B/yUUqUeqx/X0H3I33xalttBJ3KlkADJioDI+K3WW1D6ue6qENnWby/JKd/8ZiqRdQfyZ9jsmsldfR2OEzLIJA==}
    dev: false

  /@pixi/ticker/7.0.5:
    resolution: {integrity: sha512-a/QIvInjKTK5HngkRXjA9EYEuDKkOwEQ4bAZZYx7bjJzFseWULkNsSAdnfqjny+BOLIKhF7u2Hf4n+ef1H2xMg==}
    dependencies:
      '@pixi/extensions': 7.0.5
      '@pixi/settings': 7.0.5
    dev: false

  /@pixi/utils/7.0.5:
    resolution: {integrity: sha512-aFweyXTC2dlsyVQNQarsPQXIuuQDIPSV5WI4unU3VpQ+SaKmH3LTHm4+75JgOweGwRclUw4c/kEYf92RmQBmHg==}
    dependencies:
      '@pixi/constants': 7.0.5
      '@pixi/settings': 7.0.5
      '@types/earcut': 2.1.1
      earcut: 2.2.4
      eventemitter3: 4.0.7
      url: 0.11.0
    dev: false

  /@types/css-font-loading-module/0.0.7:
    resolution: {integrity: sha512-nl09VhutdjINdWyXxHWN/w9zlNCfr60JUqJbd24YXUuCwgeL0TpFSdElCwb6cxfB6ybE19Gjj4g0jsgkXxKv1Q==}
    dev: false

  /@types/earcut/2.1.1:
    resolution: {integrity: sha512-w8oigUCDjElRHRRrMvn/spybSMyX8MTkKA5Dv+tS1IE/TgmNZPqUYtvYBXGY8cieSE66gm+szeK+bnbxC2xHTQ==}
    dev: false

  /@types/node/18.11.17:
    resolution: {integrity: sha512-HJSUJmni4BeDHhfzn6nF0sVmd1SMezP7/4F0Lq+aXzmp2xm9O7WXrUtHW/CHlYVtZUbByEvWidHqRtcJXGF2Ng==}
    dev: false

  /@types/offscreencanvas/2019.7.0:
    resolution: {integrity: sha512-PGcyveRIpL1XIqK8eBsmRBt76eFgtzuPiSTyKHZxnGemp2yzGzWpjYKAfK3wIMiU7eH+851yEpiuP8JZerTmWg==}
    dev: false

  /earcut/2.2.4:
    resolution: {integrity: sha512-/pjZsA1b4RPHbeWZQn66SWS8nZZWLQQ23oE3Eam7aroEFGEvwKAsJfZ9ytiEMycfzXWpca4FA9QIOehf7PocBQ==}
    dev: false

  /esbuild-plugin-lodash/1.2.0:
    resolution: {integrity: sha512-8CyR67Z/VMvcJ4ABYYSaR2hhioeuoFVII1IsyPb6AwAKN57VQW8jFXyY27OwH4FGU3h3OVwwQ/GVNbo+RgpTGA==}
    dev: false

  /esbuild/0.16.9:
    resolution: {integrity: sha512-gkH83yHyijMSZcZFs1IWew342eMdFuWXmQo3zkDPTre25LIPBJsXryg02M3u8OpTwCJdBkdaQwqKkDLnAsAeLQ==}
    engines: {node: '>=12'}
    hasBin: true
    requiresBuild: true
    optionalDependencies:
      '@esbuild/android-arm': 0.16.9
      '@esbuild/android-arm64': 0.16.9
      '@esbuild/android-x64': 0.16.9
      '@esbuild/darwin-arm64': 0.16.9
      '@esbuild/darwin-x64': 0.16.9
      '@esbuild/freebsd-arm64': 0.16.9
      '@esbuild/freebsd-x64': 0.16.9
      '@esbuild/linux-arm': 0.16.9
      '@esbuild/linux-arm64': 0.16.9
      '@esbuild/linux-ia32': 0.16.9
      '@esbuild/linux-loong64': 0.16.9
      '@esbuild/linux-mips64el': 0.16.9
      '@esbuild/linux-ppc64': 0.16.9
      '@esbuild/linux-riscv64': 0.16.9
      '@esbuild/linux-s390x': 0.16.9
      '@esbuild/linux-x64': 0.16.9
      '@esbuild/netbsd-x64': 0.16.9
      '@esbuild/openbsd-x64': 0.16.9
      '@esbuild/sunos-x64': 0.16.9
      '@esbuild/win32-arm64': 0.16.9
      '@esbuild/win32-ia32': 0.16.9
      '@esbuild/win32-x64': 0.16.9
    dev: false

  /eventemitter3/4.0.7:
    resolution: {integrity: sha512-8guHBZCwKnFhYdHr2ysuRWErTwhoN2X8XELRlrRwpmfeY2jjuUN4taQMsULKUVo1K4DvZl+0pgfyoysHxvmvEw==}
    dev: false

  /gsap/3.11.3:
    resolution: {integrity: sha512-xc/iIJy+LWiMbRa4IdMtdnnKa/7PXEK6NNzV71gdOYUVeTZN7UWnLU0fB7Hi1iwiz4ZZoYkBZPPYGg+2+zzFHA==}
    dev: false

  /lodash/4.17.21:
    resolution: {integrity: sha512-v2kDEe57lecTulaDIuNTPy3Ry4gLGJ6Z1O3vE1krgXZNrsQ+LFTGHVxVjcXPs17LhbZVGedAJv8XZ1tvj5FvSg==}
    dev: false

  /pixi.js/7.0.5:
    resolution: {integrity: sha512-XCFSUojaIdDz745bvQDmyEsJ6A3eh7mCeGW+esukzLQFPnDP/NvPsJszJKhyRuoktyzJb5xsuV08Eh3Y7+VC3w==}
    dependencies:
      '@pixi/accessibility': 7.0.5
      '@pixi/app': 7.0.5
      '@pixi/assets': 7.0.5
      '@pixi/compressed-textures': 7.0.5
      '@pixi/core': 7.0.5
      '@pixi/display': 7.0.5
      '@pixi/events': 7.0.5
      '@pixi/extensions': 7.0.5
      '@pixi/extract': 7.0.5
      '@pixi/filter-alpha': 7.0.5
      '@pixi/filter-blur': 7.0.5
      '@pixi/filter-color-matrix': 7.0.5
      '@pixi/filter-displacement': 7.0.5
      '@pixi/filter-fxaa': 7.0.5
      '@pixi/filter-noise': 7.0.5
      '@pixi/graphics': 7.0.5
      '@pixi/mesh': 7.0.5
      '@pixi/mesh-extras': 7.0.5
      '@pixi/mixin-cache-as-bitmap': 7.0.5
      '@pixi/mixin-get-child-by-name': 7.0.5
      '@pixi/mixin-get-global-position': 7.0.5
      '@pixi/particle-container': 7.0.5
      '@pixi/prepare': 7.0.5
      '@pixi/sprite': 7.0.5
      '@pixi/sprite-animated': 7.0.5
      '@pixi/sprite-tiling': 7.0.5
      '@pixi/spritesheet': 7.0.5
      '@pixi/text': 7.0.5
      '@pixi/text-bitmap': 7.0.5
    dev: false

  /punycode/1.3.2:
    resolution: {integrity: sha512-RofWgt/7fL5wP1Y7fxE7/EmTLzQVnB0ycyibJ0OOHIlJqTNzglYFxVwETOcIoJqJmpDXJ9xImDv+Fq34F/d4Dw==}
    dev: false

  /querystring/0.2.0:
    resolution: {integrity: sha512-X/xY82scca2tau62i9mDyU9K+I+djTMUsvwf7xnUX5GLvVzgJybOJf4Y6o9Zx3oJK/LSXg5tTZBjwzqVPaPO2g==}
    engines: {node: '>=0.4.x'}
    deprecated: The querystring API is considered Legacy. new code should use the URLSearchParams API instead.
    dev: false

  /url/0.11.0:
    resolution: {integrity: sha512-kbailJa29QrtXnxgq+DdCEGlbTeYM2eJUxsz6vjZavrCYPMIFHMKQmSKYAIuUK2i7hgPm28a8piX5NTUtM/LKQ==}
    dependencies:
      punycode: 1.3.2
      querystring: 0.2.0
    dev: false
